
Microsoft Visual Studio Solution File, Format Version 12.00
# Visual Studio Version 17
VisualStudioVersion = 17.2.32526.322
MinimumVisualStudioVersion = 10.0.40219.1
Project("{00D1A9C2-B5F0-4AF3-8072-F6C62B433612}") = "TiendaDbProyecto", "TiendaDbProyecto.sqlproj", "{368B797C-A2DB-449A-99B3-444905185D37}"
EndProject
Global
	GlobalSection(SolutionConfigurationPlatforms) = preSolution
		Debug|Any CPU = Debug|Any CPU
		Release|Any CPU = Release|Any CPU
	EndGlobalSection
	GlobalSection(ProjectConfigurationPlatforms) = postSolution
		{368B797C-A2DB-449A-99B3-444905185D37}.Debug|Any CPU.ActiveCfg = Debug|Any CPU
		{368B797C-A2DB-449A-99B3-444905185D37}.Debug|Any CPU.Build.0 = Debug|Any CPU
		{368B797C-A2DB-449A-99B3-444905185D37}.Debug|Any CPU.Deploy.0 = Debug|Any CPU
		{368B797C-A2DB-449A-99B3-444905185D37}.Release|Any CPU.ActiveCfg = Release|Any CPU
		{368B797C-A2DB-449A-99B3-444905185D37}.Release|Any CPU.Build.0 = Release|Any CPU
		{368B797C-A2DB-449A-99B3-444905185D37}.Release|Any CPU.Deploy.0 = Release|Any CPU
	EndGlobalSection
	GlobalSection(SolutionProperties) = preSolution
		HideSolutionNode = FALSE
	EndGlobalSection
	GlobalSection(ExtensibilityGlobals) = postSolution
		SolutionGuid = {4A5628C7-7E40-48BF-BFD1-4CEA66460B02}
	EndGlobalSection
EndGlobal
